
Microsoft Visual Studio Solution File, Format Version 12.00
# Visual Studio Version 17
VisualStudioVersion = 17.9.34622.214
MinimumVisualStudioVersion = 10.0.40219.1
Project("{FAE04EC0-301F-11D3-BF4B-00C04F79EFBC}") = "SkipVideos", "SkipVideos\SkipVideos.csproj", "{E261B9EB-B85E-4A8D-AB5D-0ED0B0ABAC67}"
EndProject
Project("{FAE04EC0-301F-11D3-BF4B-00C04F79EFBC}") = "ParagonMod", "ParagonMod\ParagonMod.csproj", "{67DE4B80-80A5-4AF3-948B-2ECD72A6A1E9}"
EndProject
Global
	GlobalSection(SolutionConfigurationPlatforms) = preSolution
		Debug|Any CPU = Debug|Any CPU
		Release|Any CPU = Release|Any CPU
	EndGlobalSection
	GlobalSection(ProjectConfigurationPlatforms) = postSolution
		{E261B9EB-B85E-4A8D-AB5D-0ED0B0ABAC67}.Release|Any CPU.ActiveCfg = Release|Any CPU
		{E261B9EB-B85E-4A8D-AB5D-0ED0B0ABAC67}.Release|Any CPU.Build.0 = Release|Any CPU
		{67DE4B80-80A5-4AF3-948B-2ECD72A6A1E9}.Release|Any CPU.ActiveCfg = Release|Any CPU
		{67DE4B80-80A5-4AF3-948B-2ECD72A6A1E9}.Release|Any CPU.Build.0 = Release|Any CPU
		{67DE4B80-80A5-4AF3-948B-2ECD72A6A1E9}.Debug|Any CPU.ActiveCfg = Debug|Any CPU
		{67DE4B80-80A5-4AF3-948B-2ECD72A6A1E9}.Debug|Any CPU.Build.0 = Debug|Any CPU
	EndGlobalSection
	GlobalSection(SolutionProperties) = preSolution
		HideSolutionNode = FALSE
	EndGlobalSection
	GlobalSection(ExtensibilityGlobals) = postSolution
		SolutionGuid = {1438291D-CA54-413A-B0BE-C42B5AA9D235}
	EndGlobalSection
EndGlobal
